{
  "name": "live-outline-eval",
  "lockfileVersion": 3,
  "requires": true,
  "packages": {
    "": {
      "name": "live-outline-eval",
      "dependencies": {
        "counterparts-model-potion": "0.1.0"
      }
    },
    "node_modules/counterparts-model-potion": {
      "version": "0.1.0",
      "resolved": "https://registry.npmjs.org/counterparts-model-potion/-/counterparts-model-potion-0.1.0.tgz",
      "integrity": "sha512-6J3VEh1sV02rXF4uEkybDt3h9FZ/moMznzboGckjA8Z1GJn+47qTF5v3YWvpLFuOpmXi0m/6JQvXTbIP1QV2aQ==",
      "license": "MIT"
    }
  }
}
